// !$*UTF8*$!
{
	archiveVersion = 1;
	classes = {
	};
	objectVersion = 46;
	objects = {

/* Begin PBXBuildFile section */
		04029B5016F15328007F92C3 /* MediaPlayer.framework in Frameworks */ = {isa = PBXBuildFile; fileRef = 04029B4F16F15327007F92C3 /* MediaPlayer.framework */; };
		0416E12E176C1C3600497A50 /* Default.png in Resources */ = {isa = PBXBuildFile; fileRef = 0416E12C176C1C3500497A50 /* Default.png */; };
		0416E12F176C1C3600497A50 /* Default@2x.png in Resources */ = {isa = PBXBuildFile; fileRef = 0416E12D176C1C3500497A50 /* Default@2x.png */; };
		0416E142176C57A100497A50 /* AppDelegate.m in Sources */ = {isa = PBXBuildFile; fileRef = 0416E13A176C57A100497A50 /* AppDelegate.m */; };
		0416E143176C57A100497A50 /* MediaExporter-Info.plist in Resources */ = {isa = PBXBuildFile; fileRef = 0416E13B176C57A100497A50 /* MediaExporter-Info.plist */; };
		0416E144176C57A100497A50 /* MediaPickerController.m in Sources */ = {isa = PBXBuildFile; fileRef = 0416E13E176C57A100497A50 /* MediaPickerController.m */; };
		0416E145176C57A100497A50 /* ViewController_iPhone.xib in Resources */ = {isa = PBXBuildFile; fileRef = 0416E13F176C57A100497A50 /* ViewController_iPhone.xib */; };
		0416E146176C57A100497A50 /* ViewController.m in Sources */ = {isa = PBXBuildFile; fileRef = 0416E141176C57A100497A50 /* ViewController.m */; };
		0416E148176C57C200497A50 /* main.mm in Sources */ = {isa = PBXBuildFile; fileRef = 0416E147176C57C200497A50 /* main.mm */; };
		0416E14B176C57E200497A50 /* InfoPlist.strings in Resources */ = {isa = PBXBuildFile; fileRef = 0416E149176C57E200497A50 /* InfoPlist.strings */; };
		6BC36D34169EB51B00C0DBAB /* UIKit.framework in Frameworks */ = {isa = PBXBuildFile; fileRef = 6BC36D33169EB51B00C0DBAB /* UIKit.framework */; };
		6BC36D36169EB51B00C0DBAB /* Foundation.framework in Frameworks */ = {isa = PBXBuildFile; fileRef = 6BC36D35169EB51B00C0DBAB /* Foundation.framework */; };
		6BC36D97169EBB9000C0DBAB /* AVFoundation.framework in Frameworks */ = {isa = PBXBuildFile; fileRef = 6BC36D96169EBB9000C0DBAB /* AVFoundation.framework */; };
		6BC36D99169EBB9B00C0DBAB /* AudioToolbox.framework in Frameworks */ = {isa = PBXBuildFile; fileRef = 6BC36D98169EBB9A00C0DBAB /* AudioToolbox.framework */; };
		6BC36D9F169EBBBD00C0DBAB /* CoreMedia.framework in Frameworks */ = {isa = PBXBuildFile; fileRef = 6BC36D9E169EBBBD00C0DBAB /* CoreMedia.framework */; };
/* End PBXBuildFile section */

/* Begin PBXFileReference section */
		04029B4F16F15327007F92C3 /* MediaPlayer.framework */ = {isa = PBXFileReference; lastKnownFileType = wrapper.framework; name = MediaPlayer.framework; path = System/Library/Frameworks/MediaPlayer.framework; sourceTree = SDKROOT; };
		0416E12C176C1C3500497A50 /* Default.png */ = {isa = PBXFileReference; lastKnownFileType = image.png; path = Default.png; sourceTree = SOURCE_ROOT; };
		0416E12D176C1C3500497A50 /* Default@2x.png */ = {isa = PBXFileReference; lastKnownFileType = image.png; path = "Default@2x.png"; sourceTree = SOURCE_ROOT; };
		0416E139176C57A100497A50 /* AppDelegate.h */ = {isa = PBXFileReference; fileEncoding = 4; lastKnownFileType = sourcecode.c.h; name = AppDelegate.h; path = MediaExporter/AppDelegate.h; sourceTree = SOURCE_ROOT; };
		0416E13A176C57A100497A50 /* AppDelegate.m */ = {isa = PBXFileReference; fileEncoding = 4; lastKnownFileType = sourcecode.c.objc; name = AppDelegate.m; path = MediaExporter/AppDelegate.m; sourceTree = SOURCE_ROOT; };
		0416E13B176C57A100497A50 /* MediaExporter-Info.plist */ = {isa = PBXFileReference; fileEncoding = 4; lastKnownFileType = text.plist.xml; name = "MediaExporter-Info.plist"; path = "MediaExporter/MediaExporter-Info.plist"; sourceTree = SOURCE_ROOT; };
		0416E13C176C57A100497A50 /* MediaExporter-Prefix.pch */ = {isa = PBXFileReference; fileEncoding = 4; lastKnownFileType = sourcecode.c.h; name = "MediaExporter-Prefix.pch"; path = "MediaExporter/MediaExporter-Prefix.pch"; sourceTree = SOURCE_ROOT; };
		0416E13D176C57A100497A50 /* MediaPickerController.h */ = {isa = PBXFileReference; fileEncoding = 4; lastKnownFileType = sourcecode.c.h; name = MediaPickerController.h; path = MediaExporter/MediaPickerController.h; sourceTree = SOURCE_ROOT; };
		0416E13E176C57A100497A50 /* MediaPickerController.m */ = {isa = PBXFileReference; fileEncoding = 4; lastKnownFileType = sourcecode.c.objc; name = MediaPickerController.m; path = MediaExporter/MediaPickerController.m; sourceTree = SOURCE_ROOT; };
		0416E13F176C57A100497A50 /* ViewController_iPhone.xib */ = {isa = PBXFileReference; fileEncoding = 4; lastKnownFileType = file.xib; name = ViewController_iPhone.xib; path = MediaExporter/ViewController_iPhone.xib; sourceTree = SOURCE_ROOT; };
		0416E140176C57A100497A50 /* ViewController.h */ = {isa = PBXFileReference; fileEncoding = 4; lastKnownFileType = sourcecode.c.h; name = ViewController.h; path = MediaExporter/ViewController.h; sourceTree = SOURCE_ROOT; };
		0416E141176C57A100497A50 /* ViewController.m */ = {isa = PBXFileReference; fileEncoding = 4; lastKnownFileType = sourcecode.c.objc; name = ViewController.m; path = MediaExporter/ViewController.m; sourceTree = SOURCE_ROOT; };
		0416E147176C57C200497A50 /* main.mm */ = {isa = PBXFileReference; fileEncoding = 4; lastKnownFileType = sourcecode.cpp.objcpp; name = main.mm; path = MediaExporter/main.mm; sourceTree = SOURCE_ROOT; };
		0416E14A176C57E200497A50 /* en */ = {isa = PBXFileReference; lastKnownFileType = text.plist.strings; name = en; path = MediaExporter/en.lproj/InfoPlist.strings; sourceTree = SOURCE_ROOT; };
		6BC36D2F169EB51B00C0DBAB /* MediaExporter.app */ = {isa = PBXFileReference; explicitFileType = wrapper.application; includeInIndex = 0; path = MediaExporter.app; sourceTree = BUILT_PRODUCTS_DIR; };
		6BC36D33169EB51B00C0DBAB /* UIKit.framework */ = {isa = PBXFileReference; lastKnownFileType = wrapper.framework; name = UIKit.framework; path = System/Library/Frameworks/UIKit.framework; sourceTree = SDKROOT; };
		6BC36D35169EB51B00C0DBAB /* Foundation.framework */ = {isa = PBXFileReference; lastKnownFileType = wrapper.framework; name = Foundation.framework; path = System/Library/Frameworks/Foundation.framework; sourceTree = SDKROOT; };
		6BC36D96169EBB9000C0DBAB /* AVFoundation.framework */ = {isa = PBXFileReference; lastKnownFileType = wrapper.framework; name = AVFoundation.framework; path = System/Library/Frameworks/AVFoundation.framework; sourceTree = SDKROOT; };
		6BC36D98169EBB9A00C0DBAB /* AudioToolbox.framework */ = {isa = PBXFileReference; lastKnownFileType = wrapper.framework; name = AudioToolbox.framework; path = System/Library/Frameworks/AudioToolbox.framework; sourceTree = SDKROOT; };
		6BC36D9E169EBBBD00C0DBAB /* CoreMedia.framework */ = {isa = PBXFileReference; lastKnownFileType = wrapper.framework; name = CoreMedia.framework; path = System/Library/Frameworks/CoreMedia.framework; sourceTree = SDKROOT; };
/* End PBXFileReference section */

/* Begin PBXFrameworksBuildPhase section */
		6BC36D2C169EB51B00C0DBAB /* Frameworks */ = {
			isa = PBXFrameworksBuildPhase;
			buildActionMask = 2147483647;
			files = (
				6BC36D9F169EBBBD00C0DBAB /* CoreMedia.framework in Frameworks */,
				04029B5016F15328007F92C3 /* MediaPlayer.framework in Frameworks */,
				6BC36D99169EBB9B00C0DBAB /* AudioToolbox.framework in Frameworks */,
				6BC36D97169EBB9000C0DBAB /* AVFoundation.framework in Frameworks */,
				6BC36D34169EB51B00C0DBAB /* UIKit.framework in Frameworks */,
				6BC36D36169EB51B00C0DBAB /* Foundation.framework in Frameworks */,
			);
			runOnlyForDeploymentPostprocessing = 0;
		};
/* End PBXFrameworksBuildPhase section */

/* Begin PBXGroup section */
		6BC36D24169EB51B00C0DBAB = {
			isa = PBXGroup;
			children = (
				6BC36D39169EB51B00C0DBAB /* MediaExporter */,
				6BC36D32169EB51B00C0DBAB /* Frameworks */,
				6BC36D30169EB51B00C0DBAB /* Products */,
			);
			sourceTree = "<group>";
		};
		6BC36D30169EB51B00C0DBAB /* Products */ = {
			isa = PBXGroup;
			children = (
				6BC36D2F169EB51B00C0DBAB /* MediaExporter.app */,
			);
			name = Products;
			sourceTree = "<group>";
		};
		6BC36D32169EB51B00C0DBAB /* Frameworks */ = {
			isa = PBXGroup;
			children = (
				04029B4F16F15327007F92C3 /* MediaPlayer.framework */,
				6BC36D9E169EBBBD00C0DBAB /* CoreMedia.framework */,
				6BC36D98169EBB9A00C0DBAB /* AudioToolbox.framework */,
				6BC36D96169EBB9000C0DBAB /* AVFoundation.framework */,
				6BC36D33169EB51B00C0DBAB /* UIKit.framework */,
				6BC36D35169EB51B00C0DBAB /* Foundation.framework */,
			);
			name = Frameworks;
			sourceTree = "<group>";
		};
		6BC36D39169EB51B00C0DBAB /* MediaExporter */ = {
			isa = PBXGroup;
			children = (
				0416E139176C57A100497A50 /* AppDelegate.h */,
				0416E13A176C57A100497A50 /* AppDelegate.m */,
				0416E13D176C57A100497A50 /* MediaPickerController.h */,
				0416E13E176C57A100497A50 /* MediaPickerController.m */,
				0416E13F176C57A100497A50 /* ViewController_iPhone.xib */,
				0416E140176C57A100497A50 /* ViewController.h */,
				0416E141176C57A100497A50 /* ViewController.m */,
				6BC36D3A169EB51B00C0DBAB /* Supporting Files */,
			);
			name = MediaExporter;
			path = SensorContainer;
			sourceTree = "<group>";
		};
		6BC36D3A169EB51B00C0DBAB /* Supporting Files */ = {
			isa = PBXGroup;
			children = (
				0416E149176C57E200497A50 /* InfoPlist.strings */,
				0416E147176C57C200497A50 /* main.mm */,
				0416E13B176C57A100497A50 /* MediaExporter-Info.plist */,
				0416E13C176C57A100497A50 /* MediaExporter-Prefix.pch */,
				0416E12C176C1C3500497A50 /* Default.png */,
				0416E12D176C1C3500497A50 /* Default@2x.png */,
			);
			name = "Supporting Files";
			sourceTree = "<group>";
		};
/* End PBXGroup section */

/* Begin PBXNativeTarget section */
		6BC36D2E169EB51B00C0DBAB /* MediaExporter */ = {
			isa = PBXNativeTarget;
			buildConfigurationList = 6BC36D5C169EB51C00C0DBAB /* Build configuration list for PBXNativeTarget "MediaExporter" */;
			buildPhases = (
				6BC36D2B169EB51B00C0DBAB /* Sources */,
				6BC36D2D169EB51B00C0DBAB /* Resources */,
				6BC36D2C169EB51B00C0DBAB /* Frameworks */,
			);
			buildRules = (
			);
			dependencies = (
			);
			name = MediaExporter;
			productName = SensorContainer;
			productReference = 6BC36D2F169EB51B00C0DBAB /* MediaExporter.app */;
			productType = "com.apple.product-type.application";
		};
/* End PBXNativeTarget section */

/* Begin PBXProject section */
		6BC36D26169EB51B00C0DBAB /* Project object */ = {
			isa = PBXProject;
			attributes = {
				CLASSPREFIX = SC;
				LastUpgradeCheck = 0450;
				ORGANIZATIONNAME = "Daniel Yuen";
			};
			buildConfigurationList = 6BC36D29169EB51B00C0DBAB /* Build configuration list for PBXProject "MediaExporter" */;
			compatibilityVersion = "Xcode 3.2";
			developmentRegion = English;
			hasScannedForEncodings = 0;
			knownRegions = (
				en,
			);
			mainGroup = 6BC36D24169EB51B00C0DBAB;
			productRefGroup = 6BC36D30169EB51B00C0DBAB /* Products */;
			projectDirPath = "";
			projectRoot = "";
			targets = (
				6BC36D2E169EB51B00C0DBAB /* MediaExporter */,
			);
		};
/* End PBXProject section */

/* Begin PBXResourcesBuildPhase section */
		6BC36D2D169EB51B00C0DBAB /* Resources */ = {
			isa = PBXResourcesBuildPhase;
			buildActionMask = 2147483647;
			files = (
				0416E12E176C1C3600497A50 /* Default.png in Resources */,
				0416E12F176C1C3600497A50 /* Default@2x.png in Resources */,
				0416E143176C57A100497A50 /* MediaExporter-Info.plist in Resources */,
				0416E145176C57A100497A50 /* ViewController_iPhone.xib in Resources */,
				0416E14B176C57E200497A50 /* InfoPlist.strings in Resources */,
			);
			runOnlyForDeploymentPostprocessing = 0;
		};
/* End PBXResourcesBuildPhase section */

/* Begin PBXSourcesBuildPhase section */
		6BC36D2B169EB51B00C0DBAB /* Sources */ = {
			isa = PBXSourcesBuildPhase;
			buildActionMask = 2147483647;
			files = (
				0416E142176C57A100497A50 /* AppDelegate.m in Sources */,
				0416E144176C57A100497A50 /* MediaPickerController.m in Sources */,
				0416E146176C57A100497A50 /* ViewController.m in Sources */,
				0416E148176C57C200497A50 /* main.mm in Sources */,
			);
			runOnlyForDeploymentPostprocessing = 0;
		};
/* End PBXSourcesBuildPhase section */

/* Begin PBXVariantGroup section */
		0416E149176C57E200497A50 /* InfoPlist.strings */ = {
			isa = PBXVariantGroup;
			children = (
				0416E14A176C57E200497A50 /* en */,
			);
			name = InfoPlist.strings;
			sourceTree = "<group>";
		};
/* End PBXVariantGroup section */

/* Begin XCBuildConfiguration section */
		6BC36D5A169EB51C00C0DBAB /* Debug */ = {
			isa = XCBuildConfiguration;
			buildSettings = {
				ALWAYS_SEARCH_USER_PATHS = NO;
				CLANG_CXX_LANGUAGE_STANDARD = "compiler-default";
				CLANG_CXX_LIBRARY = "compiler-default";
				CLANG_ENABLE_OBJC_ARC = YES;
				CLANG_WARN_EMPTY_BODY = YES;
				CLANG_WARN__DUPLICATE_METHOD_MATCH = YES;
				"CODE_SIGN_IDENTITY[sdk=iphoneos*]" = "iPhone Developer";
				COPY_PHASE_STRIP = NO;
				GCC_C_LANGUAGE_STANDARD = gnu99;
				GCC_DYNAMIC_NO_PIC = NO;
				GCC_OPTIMIZATION_LEVEL = 0;
				GCC_PREPROCESSOR_DEFINITIONS = (
					"DEBUG=1",
					"$(inherited)",
				);
				GCC_SYMBOLS_PRIVATE_EXTERN = NO;
				GCC_WARN_ABOUT_RETURN_TYPE = YES;
				GCC_WARN_UNINITIALIZED_AUTOS = YES;
				GCC_WARN_UNUSED_VARIABLE = YES;
				IPHONEOS_DEPLOYMENT_TARGET = 6.0;
				ONLY_ACTIVE_ARCH = YES;
				SDKROOT = iphoneos;
				TARGETED_DEVICE_FAMILY = "1,2";
			};
			name = Debug;
		};
		6BC36D5B169EB51C00C0DBAB /* Release */ = {
			isa = XCBuildConfiguration;
			buildSettings = {
				ALWAYS_SEARCH_USER_PATHS = NO;
				CLANG_CXX_LANGUAGE_STANDARD = "compiler-default";
				CLANG_CXX_LIBRARY = "compiler-default";
				CLANG_ENABLE_OBJC_ARC = YES;
				CLANG_WARN_EMPTY_BODY = YES;
				CLANG_WARN__DUPLICATE_METHOD_MATCH = YES;
				"CODE_SIGN_IDENTITY[sdk=iphoneos*]" = "iPhone Developer";
				COPY_PHASE_STRIP = YES;
				GCC_C_LANGUAGE_STANDARD = gnu99;
				GCC_WARN_ABOUT_RETURN_TYPE = YES;
				GCC_WARN_UNINITIALIZED_AUTOS = YES;
				GCC_WARN_UNUSED_VARIABLE = YES;
				IPHONEOS_DEPLOYMENT_TARGET = 6.0;
				OTHER_CFLAGS = "-DNS_BLOCK_ASSERTIONS=1";
				SDKROOT = iphoneos;
				TARGETED_DEVICE_FAMILY = "1,2";
				VALIDATE_PRODUCT = YES;
			};
			name = Release;
		};
		6BC36D5D169EB51C00C0DBAB /* Debug */ = {
			isa = XCBuildConfiguration;
			buildSettings = {
				CODE_SIGN_IDENTITY = "iPhone Developer: Jack Wu (F5DVHSVAUU)";
				"CODE_SIGN_IDENTITY[sdk=iphoneos*]" = "iPhone Developer: Jack Wu (F5DVHSVAUU)";
				FRAMEWORK_SEARCH_PATHS = (
					"$(inherited)",
					"\"$(SRCROOT)/../../../..\"",
				);
				GCC_PRECOMPILE_PREFIX_HEADER = YES;
				GCC_PREFIX_HEADER = "MediaExporter/MediaExporter-Prefix.pch";
				GCC_SYMBOLS_PRIVATE_EXTERN = NO;
				HEADER_SEARCH_PATHS = (
					"zxing/iphone/ZXingWidget/Classes/**",
					zxing/cpp/core/src/,
					"\"$(BUILT_PRODUCTS_DIR)/../../Headers\"",
				);
				INFOPLIST_FILE = "MediaExporter/MediaExporter-Info.plist";
				IPHONEOS_DEPLOYMENT_TARGET = 6.1;
				LIBRARY_SEARCH_PATHS = (
					"$(inherited)",
					"\"$(SRCROOT)/../../../..\"",
				);
				OTHER_LDFLAGS = (
					"-ObjC",
					"-all_load",
				);
				PRODUCT_NAME = MediaExporter;
				PROVISIONING_PROFILE = "E06EFEEB-4FDB-47CA-BD6F-75D4AD8ABFB7";
				"PROVISIONING_PROFILE[sdk=iphoneos*]" = "E06EFEEB-4FDB-47CA-BD6F-75D4AD8ABFB7";
				VALID_ARCHS = "armv7 armv7s";
				WRAPPER_EXTENSION = app;
			};
			name = Debug;
		};
		6BC36D5E169EB51C00C0DBAB /* Release */ = {
			isa = XCBuildConfiguration;
			buildSettings = {
				CODE_SIGN_IDENTITY = "iPhone Developer: Jack Wu (F5DVHSVAUU)";
				"CODE_SIGN_IDENTITY[sdk=iphoneos*]" = "iPhone Developer: Jack Wu (F5DVHSVAUU)";
				FRAMEWORK_SEARCH_PATHS = (
					"$(inherited)",
					"\"$(SRCROOT)/../../../..\"",
				);
				GCC_PRECOMPILE_PREFIX_HEADER = YES;
				GCC_PREFIX_HEADER = "MediaExporter/MediaExporter-Prefix.pch";
				GCC_SYMBOLS_PRIVATE_EXTERN = NO;
				HEADER_SEARCH_PATHS = (
					"zxing/iphone/ZXingWidget/Classes/**",
					zxing/cpp/core/src/,
					"\"$(BUILT_PRODUCTS_DIR)/../../Headers\"",
				);
				INFOPLIST_FILE = "MediaExporter/MediaExporter-Info.plist";
				IPHONEOS_DEPLOYMENT_TARGET = 6.1;
				LIBRARY_SEARCH_PATHS = (
					"$(inherited)",
					"\"$(SRCROOT)/../../../..\"",
				);
				OTHER_LDFLAGS = (
					"-ObjC",
					"-all_load",
				);
				PRODUCT_NAME = MediaExporter;
				PROVISIONING_PROFILE = "E06EFEEB-4FDB-47CA-BD6F-75D4AD8ABFB7";
				"PROVISIONING_PROFILE[sdk=iphoneos*]" = "E06EFEEB-4FDB-47CA-BD6F-75D4AD8ABFB7";
				VALID_ARCHS = "armv7 armv7s";
				WRAPPER_EXTENSION = app;
			};
			name = Release;
		};
/* End XCBuildConfiguration section */

/* Begin XCConfigurationList section */
		6BC36D29169EB51B00C0DBAB /* Build configuration list for PBXProject "MediaExporter" */ = {
			isa = XCConfigurationList;
			buildConfigurations = (
				6BC36D5A169EB51C00C0DBAB /* Debug */,
				6BC36D5B169EB51C00C0DBAB /* Release */,
			);
			defaultConfigurationIsVisible = 0;
			defaultConfigurationName = Release;
		};
		6BC36D5C169EB51C00C0DBAB /* Build configuration list for PBXNativeTarget "MediaExporter" */ = {
			isa = XCConfigurationList;
			buildConfigurations = (
				6BC36D5D169EB51C00C0DBAB /* Debug */,
				6BC36D5E169EB51C00C0DBAB /* Release */,
			);
			defaultConfigurationIsVisible = 0;
			defaultConfigurationName = Release;
		};
/* End XCConfigurationList section */
	};
	rootObject = 6BC36D26169EB51B00C0DBAB /* Project object */;
}
